
Microsoft Visual Studio Solution File, Format Version 12.00
# Visual Studio 15
VisualStudioVersion = 15.0.27130.2036
MinimumVisualStudioVersion = 10.0.40219.1
Project("{9A19103F-16F7-4668-BE54-9A1E7A4F7556}") = "Insight.Tests", "Insight.Tests\Insight.Tests.csproj", "{DEB0A47D-FC34-4B7F-A2FB-151B3697533E}"
EndProject
Project("{2150E333-8FDC-42A3-9474-1A3956D46DE8}") = "Solution Items", "Solution Items", "{CEDD5EAD-7CF5-45EE-8676-EFEC0CBAB552}"
	ProjectSection(SolutionItems) = preProject
		.editorconfig = .editorconfig
		Build.bat = Build.bat
		Build.ps1 = Build.ps1
		Build.psake.ps1 = Build.psake.ps1
		Building.txt = Building.txt
		CodeAnalysisRules.ruleset = CodeAnalysisRules.ruleset
		Insight.Database.snk = Insight.Database.snk
		License.txt = License.txt
		SharedConfiguration.csproj = SharedConfiguration.csproj
		Vagrantfile = Vagrantfile
	EndProjectSection
EndProject
Project("{9A19103F-16F7-4668-BE54-9A1E7A4F7556}") = "Insight.Database.Providers.MiniProfiler", "Insight.Database.Providers.MiniProfiler\Insight.Database.Providers.MiniProfiler.csproj", "{EC7AE6EC-45B0-4E5F-9097-4F4CB6A5296D}"
EndProject
Project("{9A19103F-16F7-4668-BE54-9A1E7A4F7556}") = "Insight.Database.Providers.OracleManaged", "Insight.Database.Providers.OracleManaged\Insight.Database.Providers.OracleManaged.csproj", "{943C7B30-FF23-45DC-9E62-5B6765D5BCF2}"
EndProject
Project("{9A19103F-16F7-4668-BE54-9A1E7A4F7556}") = "Insight.Tests.OracleManaged", "Insight.Tests.OracleManaged\Insight.Tests.OracleManaged.csproj", "{CC0ED003-AED2-41E9-9E85-F4D12A8A49F9}"
EndProject
Project("{9A19103F-16F7-4668-BE54-9A1E7A4F7556}") = "Insight.Database.Providers.MySql", "Insight.Database.Providers.MySql\Insight.Database.Providers.MySql.csproj", "{4C56215E-8A87-4C3C-82B2-30B514F109E5}"
EndProject
Project("{9A19103F-16F7-4668-BE54-9A1E7A4F7556}") = "Insight.Tests.MySql", "Insight.Tests.MySql\Insight.Tests.MySql.csproj", "{1086C0C2-F450-4E18-8A12-9CD2B92C646D}"
EndProject
Project("{9A19103F-16F7-4668-BE54-9A1E7A4F7556}") = "Insight.Database.Providers.PostgreSQL", "Insight.Database.Providers.PostgreSQL\Insight.Database.Providers.PostgreSQL.csproj", "{6598555D-5974-4ACA-86D2-A136C0AF3797}"
EndProject
Project("{9A19103F-16F7-4668-BE54-9A1E7A4F7556}") = "Insight.Tests.PostgreSQL", "Insight.Tests.PostgreSQL\Insight.Tests.PostgreSQL.csproj", "{E33BF471-D602-4366-B4CA-17A16E91F49E}"
EndProject
Project("{9A19103F-16F7-4668-BE54-9A1E7A4F7556}") = "Insight.Tests.DB2", "Insight.Tests.DB2\Insight.Tests.DB2.csproj", "{E88BF946-1D51-4586-8E55-36350A091E8A}"
EndProject
Project("{9A19103F-16F7-4668-BE54-9A1E7A4F7556}") = "Insight.Database.Providers.DB2", "Insight.Database.Providers.DB2\Insight.Database.Providers.DB2.csproj", "{18FDA61B-6A4D-4F27-9F18-0B3287106D5F}"
EndProject
Project("{9A19103F-16F7-4668-BE54-9A1E7A4F7556}") = "Insight.Database.Providers.Glimpse", "Insight.Database.Providers.Glimpse\Insight.Database.Providers.Glimpse.csproj", "{35D1B878-0D4B-4F85-ACE8-176A58216293}"
EndProject
Project("{9A19103F-16F7-4668-BE54-9A1E7A4F7556}") = "Insight.Tests.Glimpse", "Insight.Tests.Glimpse\Insight.Tests.Glimpse.csproj", "{816401C6-6434-498E-B74F-D6784F75F3AF}"
EndProject
Project("{9A19103F-16F7-4668-BE54-9A1E7A4F7556}") = "Insight.Tests.MiniProfiler", "Insight.Tests.MiniProfiler\Insight.Tests.MiniProfiler.csproj", "{BD181CF5-582E-4312-9117-EDBB0E1348F4}"
EndProject
Project("{9A19103F-16F7-4668-BE54-9A1E7A4F7556}") = "Insight.Database.Json", "Insight.Database.Json\Insight.Database.Json.csproj", "{A54BAC21-88C8-4605-9505-8CA7FC807648}"
EndProject
Project("{9A19103F-16F7-4668-BE54-9A1E7A4F7556}") = "Insight.Tests.Json", "Insight.Tests.Json\Insight.Tests.Json.csproj", "{1B01D722-DDD2-4FAB-A4DD-819FF646CF10}"
EndProject
Project("{9A19103F-16F7-4668-BE54-9A1E7A4F7556}") = "Insight.Tests.SQLite", "Insight.Tests.SQLite\Insight.Tests.SQLite.csproj", "{E60C0B3E-588D-4376-A67F-7D15E53417FD}"
EndProject
Project("{9A19103F-16F7-4668-BE54-9A1E7A4F7556}") = "Insight.Database.Providers.Default", "Insight.Database.Providers.Default\Insight.Database.Providers.Default.csproj", "{03743F67-E234-42C8-A1E9-38B8BA12EFAD}"
EndProject
Project("{9A19103F-16F7-4668-BE54-9A1E7A4F7556}") = "Insight.Database.Configuration", "Insight.Database.Configuration\Insight.Database.Configuration.csproj", "{9DC0AC84-B760-42C4-8703-CAD48AEEF612}"
EndProject
Project("{2150E333-8FDC-42A3-9474-1A3956D46DE8}") = "Vagrant", "Vagrant", "{1F526CFD-E8A0-4108-8DCE-A2E6A2D96022}"
	ProjectSection(SolutionItems) = preProject
		Vagrant\60-databases.conf = Vagrant\60-databases.conf
		Vagrant\chkconfig = Vagrant\chkconfig
		Vagrant\cleandisk.sh = Vagrant\cleandisk.sh
		Vagrant\fstab.diff = Vagrant\fstab.diff
		Vagrant\my.cnf = Vagrant\my.cnf
		Vagrant\oracle-shm = Vagrant\oracle-shm
		Vagrant\oracle-xe.rsp = Vagrant\oracle-xe.rsp
		Vagrant\pg_hba.conf = Vagrant\pg_hba.conf
		Vagrant\postgresql.conf = Vagrant\postgresql.conf
		Vagrant\sybase.init = Vagrant\sybase.init
		Vagrant\sybase.rsp = Vagrant\sybase.rsp
		Vagrantfile = Vagrantfile
	EndProjectSection
EndProject
Project("{9A19103F-16F7-4668-BE54-9A1E7A4F7556}") = "Insight.Sample", "Insight.Sample\Insight.Sample.csproj", "{B16AE5A7-3400-426B-9158-3B5F1C9DB136}"
EndProject
Project("{9A19103F-16F7-4668-BE54-9A1E7A4F7556}") = "Insight.Database.Core", "Insight.Database.Core\Insight.Database.Core.csproj", "{BD5F9E22-0D6E-4323-A41A-0E9532702C98}"
EndProject
Project("{9A19103F-16F7-4668-BE54-9A1E7A4F7556}") = "Insight.Database", "Insight.Database\Insight.Database.csproj", "{F058BD64-332F-44F5-A16A-DAB4A30045DA}"
EndProject
Project("{2150E333-8FDC-42A3-9474-1A3956D46DE8}") = "insight-docker", "insight-docker", "{11F6B06C-2E77-4B6E-B53F-3DB8326A69EA}"
	ProjectSection(SolutionItems) = preProject
		insight-docker\docker-compose.yml = insight-docker\docker-compose.yml
		insight-docker\docker-env.bat = insight-docker\docker-env.bat
		insight-docker\Dockerfile.db2 = insight-docker\Dockerfile.db2
	EndProjectSection
EndProject
Project("{9A19103F-16F7-4668-BE54-9A1E7A4F7556}") = "Insight.Tests.MySqlConnector", "Insight.Tests.MySqlConnector\Insight.Tests.MySqlConnector.csproj", "{A48F20CD-7B7A-406A-9893-D5E3EA62DFC4}"
EndProject
Project("{9A19103F-16F7-4668-BE54-9A1E7A4F7556}") = "Insight.Database.Providers.MySqlConnector", "Insight.Database.Providers.MySqlConnector\Insight.Database.Providers.MySqlConnector.csproj", "{02E20629-4030-48D4-B5FC-3DBE0A3AB4A8}"
EndProject
Project("{9A19103F-16F7-4668-BE54-9A1E7A4F7556}") = "Insight.Database.Providers.Odbc", "Insight.Database.Providers.Odbc\Insight.Database.Providers.Odbc.csproj", "{294730CA-4835-45BF-B656-F543B4412CA8}"
EndProject
Project("{9A19103F-16F7-4668-BE54-9A1E7A4F7556}") = "Insight.Tests.Odbc", "Insight.Tests.Odbc\Insight.Tests.Odbc.csproj", "{378CD778-54A9-401B-A735-805CC8AA690C}"
EndProject
Project("{9A19103F-16F7-4668-BE54-9A1E7A4F7556}") = "Insight.Database.Providers.SybaseAse", "Insight.Database.Providers.SybaseAse\Insight.Database.Providers.SybaseAse.csproj", "{7092FCD1-7816-4ED1-98B0-3A0864C7BE35}"
EndProject
Project("{9A19103F-16F7-4668-BE54-9A1E7A4F7556}") = "Insight.Tests.SybaseAse", "Insight.Tests.SybaseAse\Insight.Tests.SybaseAse.csproj", "{7D2A697A-4BE4-453F-A335-09E69418D164}"
EndProject
Project("{9A19103F-16F7-4668-BE54-9A1E7A4F7556}") = "Insight.Database.Providers.OracleManaged.Core", "Insight.Database.Providers.OracleManaged.Core\Insight.Database.Providers.OracleManaged.Core.csproj", "{FBB1619B-E290-4A01-B77A-341D83634107}"
EndProject
Project("{9A19103F-16F7-4668-BE54-9A1E7A4F7556}") = "Insight.Tests.OracleManaged.Core", "Insight.Tests.OracleManaged.Core\Insight.Tests.OracleManaged.Core.csproj", "{2C602D6A-D10C-487C-AD14-B10CECDF7045}"
EndProject
Global
	GlobalSection(SolutionConfigurationPlatforms) = preSolution
		Debug|Any CPU = Debug|Any CPU
		Debug|Mixed Platforms = Debug|Mixed Platforms
		Debug|x86 = Debug|x86
		Release|Any CPU = Release|Any CPU
		Release|Mixed Platforms = Release|Mixed Platforms
		Release|x86 = Release|x86
	EndGlobalSection
	GlobalSection(ProjectConfigurationPlatforms) = postSolution
		{DEB0A47D-FC34-4B7F-A2FB-151B3697533E}.Debug|Any CPU.ActiveCfg = Debug|Any CPU
		{DEB0A47D-FC34-4B7F-A2FB-151B3697533E}.Debug|Any CPU.Build.0 = Debug|Any CPU
		{DEB0A47D-FC34-4B7F-A2FB-151B3697533E}.Debug|Mixed Platforms.ActiveCfg = Debug|Any CPU
		{DEB0A47D-FC34-4B7F-A2FB-151B3697533E}.Debug|Mixed Platforms.Build.0 = Debug|Any CPU
		{DEB0A47D-FC34-4B7F-A2FB-151B3697533E}.Debug|x86.ActiveCfg = Debug|Any CPU
		{DEB0A47D-FC34-4B7F-A2FB-151B3697533E}.Release|Any CPU.ActiveCfg = Release|Any CPU
		{DEB0A47D-FC34-4B7F-A2FB-151B3697533E}.Release|Any CPU.Build.0 = Release|Any CPU
		{DEB0A47D-FC34-4B7F-A2FB-151B3697533E}.Release|Mixed Platforms.ActiveCfg = Release|Any CPU
		{DEB0A47D-FC34-4B7F-A2FB-151B3697533E}.Release|Mixed Platforms.Build.0 = Release|Any CPU
		{DEB0A47D-FC34-4B7F-A2FB-151B3697533E}.Release|x86.ActiveCfg = Release|Any CPU
		{EC7AE6EC-45B0-4E5F-9097-4F4CB6A5296D}.Debug|Any CPU.ActiveCfg = Debug|Any CPU
		{EC7AE6EC-45B0-4E5F-9097-4F4CB6A5296D}.Debug|Any CPU.Build.0 = Debug|Any CPU
		{EC7AE6EC-45B0-4E5F-9097-4F4CB6A5296D}.Debug|Mixed Platforms.ActiveCfg = Debug|Any CPU
		{EC7AE6EC-45B0-4E5F-9097-4F4CB6A5296D}.Debug|Mixed Platforms.Build.0 = Debug|Any CPU
		{EC7AE6EC-45B0-4E5F-9097-4F4CB6A5296D}.Debug|x86.ActiveCfg = Debug|Any CPU
		{EC7AE6EC-45B0-4E5F-9097-4F4CB6A5296D}.Release|Any CPU.ActiveCfg = Release|Any CPU
		{EC7AE6EC-45B0-4E5F-9097-4F4CB6A5296D}.Release|Any CPU.Build.0 = Release|Any CPU
		{EC7AE6EC-45B0-4E5F-9097-4F4CB6A5296D}.Release|Mixed Platforms.ActiveCfg = Release|Any CPU
		{EC7AE6EC-45B0-4E5F-9097-4F4CB6A5296D}.Release|Mixed Platforms.Build.0 = Release|Any CPU
		{EC7AE6EC-45B0-4E5F-9097-4F4CB6A5296D}.Release|x86.ActiveCfg = Release|Any CPU
		{943C7B30-FF23-45DC-9E62-5B6765D5BCF2}.Debug|Any CPU.ActiveCfg = Debug|Any CPU
		{943C7B30-FF23-45DC-9E62-5B6765D5BCF2}.Debug|Any CPU.Build.0 = Debug|Any CPU
		{943C7B30-FF23-45DC-9E62-5B6765D5BCF2}.Debug|Mixed Platforms.ActiveCfg = Debug|Any CPU
		{943C7B30-FF23-45DC-9E62-5B6765D5BCF2}.Debug|Mixed Platforms.Build.0 = Debug|Any CPU
		{943C7B30-FF23-45DC-9E62-5B6765D5BCF2}.Debug|x86.ActiveCfg = Debug|Any CPU
		{943C7B30-FF23-45DC-9E62-5B6765D5BCF2}.Release|Any CPU.ActiveCfg = Release|Any CPU
		{943C7B30-FF23-45DC-9E62-5B6765D5BCF2}.Release|Any CPU.Build.0 = Release|Any CPU
		{943C7B30-FF23-45DC-9E62-5B6765D5BCF2}.Release|Mixed Platforms.ActiveCfg = Release|Any CPU
		{943C7B30-FF23-45DC-9E62-5B6765D5BCF2}.Release|Mixed Platforms.Build.0 = Release|Any CPU
		{943C7B30-FF23-45DC-9E62-5B6765D5BCF2}.Release|x86.ActiveCfg = Release|Any CPU
		{CC0ED003-AED2-41E9-9E85-F4D12A8A49F9}.Debug|Any CPU.ActiveCfg = Debug|Any CPU
		{CC0ED003-AED2-41E9-9E85-F4D12A8A49F9}.Debug|Any CPU.Build.0 = Debug|Any CPU
		{CC0ED003-AED2-41E9-9E85-F4D12A8A49F9}.Debug|Mixed Platforms.ActiveCfg = Debug|Any CPU
		{CC0ED003-AED2-41E9-9E85-F4D12A8A49F9}.Debug|Mixed Platforms.Build.0 = Debug|Any CPU
		{CC0ED003-AED2-41E9-9E85-F4D12A8A49F9}.Debug|x86.ActiveCfg = Debug|Any CPU
		{CC0ED003-AED2-41E9-9E85-F4D12A8A49F9}.Release|Any CPU.ActiveCfg = Release|Any CPU
		{CC0ED003-AED2-41E9-9E85-F4D12A8A49F9}.Release|Any CPU.Build.0 = Release|Any CPU
		{CC0ED003-AED2-41E9-9E85-F4D12A8A49F9}.Release|Mixed Platforms.ActiveCfg = Release|Any CPU
		{CC0ED003-AED2-41E9-9E85-F4D12A8A49F9}.Release|Mixed Platforms.Build.0 = Release|Any CPU
		{CC0ED003-AED2-41E9-9E85-F4D12A8A49F9}.Release|x86.ActiveCfg = Release|Any CPU
		{4C56215E-8A87-4C3C-82B2-30B514F109E5}.Debug|Any CPU.ActiveCfg = Debug|Any CPU
		{4C56215E-8A87-4C3C-82B2-30B514F109E5}.Debug|Any CPU.Build.0 = Debug|Any CPU
		{4C56215E-8A87-4C3C-82B2-30B514F109E5}.Debug|Mixed Platforms.ActiveCfg = Debug|Any CPU
		{4C56215E-8A87-4C3C-82B2-30B514F109E5}.Debug|Mixed Platforms.Build.0 = Debug|Any CPU
		{4C56215E-8A87-4C3C-82B2-30B514F109E5}.Debug|x86.ActiveCfg = Debug|Any CPU
		{4C56215E-8A87-4C3C-82B2-30B514F109E5}.Release|Any CPU.ActiveCfg = Release|Any CPU
		{4C56215E-8A87-4C3C-82B2-30B514F109E5}.Release|Any CPU.Build.0 = Release|Any CPU
		{4C56215E-8A87-4C3C-82B2-30B514F109E5}.Release|Mixed Platforms.ActiveCfg = Release|Any CPU
		{4C56215E-8A87-4C3C-82B2-30B514F109E5}.Release|Mixed Platforms.Build.0 = Release|Any CPU
		{4C56215E-8A87-4C3C-82B2-30B514F109E5}.Release|x86.ActiveCfg = Release|Any CPU
		{1086C0C2-F450-4E18-8A12-9CD2B92C646D}.Debug|Any CPU.ActiveCfg = Debug|Any CPU
		{1086C0C2-F450-4E18-8A12-9CD2B92C646D}.Debug|Any CPU.Build.0 = Debug|Any CPU
		{1086C0C2-F450-4E18-8A12-9CD2B92C646D}.Debug|Mixed Platforms.ActiveCfg = Debug|Any CPU
		{1086C0C2-F450-4E18-8A12-9CD2B92C646D}.Debug|Mixed Platforms.Build.0 = Debug|Any CPU
		{1086C0C2-F450-4E18-8A12-9CD2B92C646D}.Debug|x86.ActiveCfg = Debug|Any CPU
		{1086C0C2-F450-4E18-8A12-9CD2B92C646D}.Release|Any CPU.ActiveCfg = Release|Any CPU
		{1086C0C2-F450-4E18-8A12-9CD2B92C646D}.Release|Any CPU.Build.0 = Release|Any CPU
		{1086C0C2-F450-4E18-8A12-9CD2B92C646D}.Release|Mixed Platforms.ActiveCfg = Release|Any CPU
		{1086C0C2-F450-4E18-8A12-9CD2B92C646D}.Release|Mixed Platforms.Build.0 = Release|Any CPU
		{1086C0C2-F450-4E18-8A12-9CD2B92C646D}.Release|x86.ActiveCfg = Release|Any CPU
		{6598555D-5974-4ACA-86D2-A136C0AF3797}.Debug|Any CPU.ActiveCfg = Debug|Any CPU
		{6598555D-5974-4ACA-86D2-A136C0AF3797}.Debug|Any CPU.Build.0 = Debug|Any CPU
		{6598555D-5974-4ACA-86D2-A136C0AF3797}.Debug|Mixed Platforms.ActiveCfg = Debug|Any CPU
		{6598555D-5974-4ACA-86D2-A136C0AF3797}.Debug|Mixed Platforms.Build.0 = Debug|Any CPU
		{6598555D-5974-4ACA-86D2-A136C0AF3797}.Debug|x86.ActiveCfg = Debug|Any CPU
		{6598555D-5974-4ACA-86D2-A136C0AF3797}.Release|Any CPU.ActiveCfg = Release|Any CPU
		{6598555D-5974-4ACA-86D2-A136C0AF3797}.Release|Any CPU.Build.0 = Release|Any CPU
		{6598555D-5974-4ACA-86D2-A136C0AF3797}.Release|Mixed Platforms.ActiveCfg = Release|Any CPU
		{6598555D-5974-4ACA-86D2-A136C0AF3797}.Release|Mixed Platforms.Build.0 = Release|Any CPU
		{6598555D-5974-4ACA-86D2-A136C0AF3797}.Release|x86.ActiveCfg = Release|Any CPU
		{E33BF471-D602-4366-B4CA-17A16E91F49E}.Debug|Any CPU.ActiveCfg = Debug|Any CPU
		{E33BF471-D602-4366-B4CA-17A16E91F49E}.Debug|Any CPU.Build.0 = Debug|Any CPU
		{E33BF471-D602-4366-B4CA-17A16E91F49E}.Debug|Mixed Platforms.ActiveCfg = Debug|Any CPU
		{E33BF471-D602-4366-B4CA-17A16E91F49E}.Debug|Mixed Platforms.Build.0 = Debug|Any CPU
		{E33BF471-D602-4366-B4CA-17A16E91F49E}.Debug|x86.ActiveCfg = Debug|Any CPU
		{E33BF471-D602-4366-B4CA-17A16E91F49E}.Release|Any CPU.ActiveCfg = Release|Any CPU
		{E33BF471-D602-4366-B4CA-17A16E91F49E}.Release|Any CPU.Build.0 = Release|Any CPU
		{E33BF471-D602-4366-B4CA-17A16E91F49E}.Release|Mixed Platforms.ActiveCfg = Release|Any CPU
		{E33BF471-D602-4366-B4CA-17A16E91F49E}.Release|Mixed Platforms.Build.0 = Release|Any CPU
		{E33BF471-D602-4366-B4CA-17A16E91F49E}.Release|x86.ActiveCfg = Release|Any CPU
		{E88BF946-1D51-4586-8E55-36350A091E8A}.Debug|Any CPU.ActiveCfg = Debug|Any CPU
		{E88BF946-1D51-4586-8E55-36350A091E8A}.Debug|Any CPU.Build.0 = Debug|Any CPU
		{E88BF946-1D51-4586-8E55-36350A091E8A}.Debug|Mixed Platforms.ActiveCfg = Debug|Any CPU
		{E88BF946-1D51-4586-8E55-36350A091E8A}.Debug|Mixed Platforms.Build.0 = Debug|Any CPU
		{E88BF946-1D51-4586-8E55-36350A091E8A}.Debug|x86.ActiveCfg = Debug|Any CPU
		{E88BF946-1D51-4586-8E55-36350A091E8A}.Release|Any CPU.ActiveCfg = Release|Any CPU
		{E88BF946-1D51-4586-8E55-36350A091E8A}.Release|Any CPU.Build.0 = Release|Any CPU
		{E88BF946-1D51-4586-8E55-36350A091E8A}.Release|Mixed Platforms.ActiveCfg = Release|Any CPU
		{E88BF946-1D51-4586-8E55-36350A091E8A}.Release|Mixed Platforms.Build.0 = Release|Any CPU
		{E88BF946-1D51-4586-8E55-36350A091E8A}.Release|x86.ActiveCfg = Release|Any CPU
		{18FDA61B-6A4D-4F27-9F18-0B3287106D5F}.Debug|Any CPU.ActiveCfg = Debug|Any CPU
		{18FDA61B-6A4D-4F27-9F18-0B3287106D5F}.Debug|Any CPU.Build.0 = Debug|Any CPU
		{18FDA61B-6A4D-4F27-9F18-0B3287106D5F}.Debug|Mixed Platforms.ActiveCfg = Debug|Any CPU
		{18FDA61B-6A4D-4F27-9F18-0B3287106D5F}.Debug|Mixed Platforms.Build.0 = Debug|Any CPU
		{18FDA61B-6A4D-4F27-9F18-0B3287106D5F}.Debug|x86.ActiveCfg = Debug|Any CPU
		{18FDA61B-6A4D-4F27-9F18-0B3287106D5F}.Release|Any CPU.ActiveCfg = Release|Any CPU
		{18FDA61B-6A4D-4F27-9F18-0B3287106D5F}.Release|Any CPU.Build.0 = Release|Any CPU
		{18FDA61B-6A4D-4F27-9F18-0B3287106D5F}.Release|Mixed Platforms.ActiveCfg = Release|Any CPU
		{18FDA61B-6A4D-4F27-9F18-0B3287106D5F}.Release|Mixed Platforms.Build.0 = Release|Any CPU
		{18FDA61B-6A4D-4F27-9F18-0B3287106D5F}.Release|x86.ActiveCfg = Release|Any CPU
		{35D1B878-0D4B-4F85-ACE8-176A58216293}.Debug|Any CPU.ActiveCfg = Debug|Any CPU
		{35D1B878-0D4B-4F85-ACE8-176A58216293}.Debug|Any CPU.Build.0 = Debug|Any CPU
		{35D1B878-0D4B-4F85-ACE8-176A58216293}.Debug|Mixed Platforms.ActiveCfg = Debug|Any CPU
		{35D1B878-0D4B-4F85-ACE8-176A58216293}.Debug|Mixed Platforms.Build.0 = Debug|Any CPU
		{35D1B878-0D4B-4F85-ACE8-176A58216293}.Debug|x86.ActiveCfg = Debug|Any CPU
		{35D1B878-0D4B-4F85-ACE8-176A58216293}.Release|Any CPU.ActiveCfg = Release|Any CPU
		{35D1B878-0D4B-4F85-ACE8-176A58216293}.Release|Any CPU.Build.0 = Release|Any CPU
		{35D1B878-0D4B-4F85-ACE8-176A58216293}.Release|Mixed Platforms.ActiveCfg = Release|Any CPU
		{35D1B878-0D4B-4F85-ACE8-176A58216293}.Release|Mixed Platforms.Build.0 = Release|Any CPU
		{35D1B878-0D4B-4F85-ACE8-176A58216293}.Release|x86.ActiveCfg = Release|Any CPU
		{816401C6-6434-498E-B74F-D6784F75F3AF}.Debug|Any CPU.ActiveCfg = Debug|Any CPU
		{816401C6-6434-498E-B74F-D6784F75F3AF}.Debug|Any CPU.Build.0 = Debug|Any CPU
		{816401C6-6434-498E-B74F-D6784F75F3AF}.Debug|Mixed Platforms.ActiveCfg = Debug|Any CPU
		{816401C6-6434-498E-B74F-D6784F75F3AF}.Debug|Mixed Platforms.Build.0 = Debug|Any CPU
		{816401C6-6434-498E-B74F-D6784F75F3AF}.Debug|x86.ActiveCfg = Debug|Any CPU
		{816401C6-6434-498E-B74F-D6784F75F3AF}.Release|Any CPU.ActiveCfg = Release|Any CPU
		{816401C6-6434-498E-B74F-D6784F75F3AF}.Release|Any CPU.Build.0 = Release|Any CPU
		{816401C6-6434-498E-B74F-D6784F75F3AF}.Release|Mixed Platforms.ActiveCfg = Release|Any CPU
		{816401C6-6434-498E-B74F-D6784F75F3AF}.Release|Mixed Platforms.Build.0 = Release|Any CPU
		{816401C6-6434-498E-B74F-D6784F75F3AF}.Release|x86.ActiveCfg = Release|Any CPU
		{BD181CF5-582E-4312-9117-EDBB0E1348F4}.Debug|Any CPU.ActiveCfg = Debug|Any CPU
		{BD181CF5-582E-4312-9117-EDBB0E1348F4}.Debug|Any CPU.Build.0 = Debug|Any CPU
		{BD181CF5-582E-4312-9117-EDBB0E1348F4}.Debug|Mixed Platforms.ActiveCfg = Debug|Any CPU
		{BD181CF5-582E-4312-9117-EDBB0E1348F4}.Debug|Mixed Platforms.Build.0 = Debug|Any CPU
		{BD181CF5-582E-4312-9117-EDBB0E1348F4}.Debug|x86.ActiveCfg = Debug|Any CPU
		{BD181CF5-582E-4312-9117-EDBB0E1348F4}.Release|Any CPU.ActiveCfg = Release|Any CPU
		{BD181CF5-582E-4312-9117-EDBB0E1348F4}.Release|Any CPU.Build.0 = Release|Any CPU
		{BD181CF5-582E-4312-9117-EDBB0E1348F4}.Release|Mixed Platforms.ActiveCfg = Release|Any CPU
		{BD181CF5-582E-4312-9117-EDBB0E1348F4}.Release|Mixed Platforms.Build.0 = Release|Any CPU
		{BD181CF5-582E-4312-9117-EDBB0E1348F4}.Release|x86.ActiveCfg = Release|Any CPU
		{A54BAC21-88C8-4605-9505-8CA7FC807648}.Debug|Any CPU.ActiveCfg = Debug|Any CPU
		{A54BAC21-88C8-4605-9505-8CA7FC807648}.Debug|Any CPU.Build.0 = Debug|Any CPU
		{A54BAC21-88C8-4605-9505-8CA7FC807648}.Debug|Mixed Platforms.ActiveCfg = Debug|Any CPU
		{A54BAC21-88C8-4605-9505-8CA7FC807648}.Debug|Mixed Platforms.Build.0 = Debug|Any CPU
		{A54BAC21-88C8-4605-9505-8CA7FC807648}.Debug|x86.ActiveCfg = Debug|Any CPU
		{A54BAC21-88C8-4605-9505-8CA7FC807648}.Release|Any CPU.ActiveCfg = Release|Any CPU
		{A54BAC21-88C8-4605-9505-8CA7FC807648}.Release|Any CPU.Build.0 = Release|Any CPU
		{A54BAC21-88C8-4605-9505-8CA7FC807648}.Release|Mixed Platforms.ActiveCfg = Release|Any CPU
		{A54BAC21-88C8-4605-9505-8CA7FC807648}.Release|Mixed Platforms.Build.0 = Release|Any CPU
		{A54BAC21-88C8-4605-9505-8CA7FC807648}.Release|x86.ActiveCfg = Release|Any CPU
		{1B01D722-DDD2-4FAB-A4DD-819FF646CF10}.Debug|Any CPU.ActiveCfg = Debug|Any CPU
		{1B01D722-DDD2-4FAB-A4DD-819FF646CF10}.Debug|Any CPU.Build.0 = Debug|Any CPU
		{1B01D722-DDD2-4FAB-A4DD-819FF646CF10}.Debug|Mixed Platforms.ActiveCfg = Debug|Any CPU
		{1B01D722-DDD2-4FAB-A4DD-819FF646CF10}.Debug|Mixed Platforms.Build.0 = Debug|Any CPU
		{1B01D722-DDD2-4FAB-A4DD-819FF646CF10}.Debug|x86.ActiveCfg = Debug|Any CPU
		{1B01D722-DDD2-4FAB-A4DD-819FF646CF10}.Release|Any CPU.ActiveCfg = Release|Any CPU
		{1B01D722-DDD2-4FAB-A4DD-819FF646CF10}.Release|Any CPU.Build.0 = Release|Any CPU
		{1B01D722-DDD2-4FAB-A4DD-819FF646CF10}.Release|Mixed Platforms.ActiveCfg = Release|Any CPU
		{1B01D722-DDD2-4FAB-A4DD-819FF646CF10}.Release|Mixed Platforms.Build.0 = Release|Any CPU
		{1B01D722-DDD2-4FAB-A4DD-819FF646CF10}.Release|x86.ActiveCfg = Release|Any CPU
		{E60C0B3E-588D-4376-A67F-7D15E53417FD}.Debug|Any CPU.ActiveCfg = Debug|Any CPU
		{E60C0B3E-588D-4376-A67F-7D15E53417FD}.Debug|Any CPU.Build.0 = Debug|Any CPU
		{E60C0B3E-588D-4376-A67F-7D15E53417FD}.Debug|Mixed Platforms.ActiveCfg = Debug|Any CPU
		{E60C0B3E-588D-4376-A67F-7D15E53417FD}.Debug|Mixed Platforms.Build.0 = Debug|Any CPU
		{E60C0B3E-588D-4376-A67F-7D15E53417FD}.Debug|x86.ActiveCfg = Debug|Any CPU
		{E60C0B3E-588D-4376-A67F-7D15E53417FD}.Release|Any CPU.ActiveCfg = Release|Any CPU
		{E60C0B3E-588D-4376-A67F-7D15E53417FD}.Release|Any CPU.Build.0 = Release|Any CPU
		{E60C0B3E-588D-4376-A67F-7D15E53417FD}.Release|Mixed Platforms.ActiveCfg = Release|Any CPU
		{E60C0B3E-588D-4376-A67F-7D15E53417FD}.Release|Mixed Platforms.Build.0 = Release|Any CPU
		{E60C0B3E-588D-4376-A67F-7D15E53417FD}.Release|x86.ActiveCfg = Release|Any CPU
		{03743F67-E234-42C8-A1E9-38B8BA12EFAD}.Debug|Any CPU.ActiveCfg = Debug|Any CPU
		{03743F67-E234-42C8-A1E9-38B8BA12EFAD}.Debug|Any CPU.Build.0 = Debug|Any CPU
		{03743F67-E234-42C8-A1E9-38B8BA12EFAD}.Debug|Mixed Platforms.ActiveCfg = Debug|Any CPU
		{03743F67-E234-42C8-A1E9-38B8BA12EFAD}.Debug|Mixed Platforms.Build.0 = Debug|Any CPU
		{03743F67-E234-42C8-A1E9-38B8BA12EFAD}.Debug|x86.ActiveCfg = Debug|Any CPU
		{03743F67-E234-42C8-A1E9-38B8BA12EFAD}.Release|Any CPU.ActiveCfg = Release|Any CPU
		{03743F67-E234-42C8-A1E9-38B8BA12EFAD}.Release|Any CPU.Build.0 = Release|Any CPU
		{03743F67-E234-42C8-A1E9-38B8BA12EFAD}.Release|Mixed Platforms.ActiveCfg = Release|Any CPU
		{03743F67-E234-42C8-A1E9-38B8BA12EFAD}.Release|Mixed Platforms.Build.0 = Release|Any CPU
		{03743F67-E234-42C8-A1E9-38B8BA12EFAD}.Release|x86.ActiveCfg = Release|Any CPU
		{9DC0AC84-B760-42C4-8703-CAD48AEEF612}.Debug|Any CPU.ActiveCfg = Debug|Any CPU
		{9DC0AC84-B760-42C4-8703-CAD48AEEF612}.Debug|Any CPU.Build.0 = Debug|Any CPU
		{9DC0AC84-B760-42C4-8703-CAD48AEEF612}.Debug|Mixed Platforms.ActiveCfg = Debug|Any CPU
		{9DC0AC84-B760-42C4-8703-CAD48AEEF612}.Debug|Mixed Platforms.Build.0 = Debug|Any CPU
		{9DC0AC84-B760-42C4-8703-CAD48AEEF612}.Debug|x86.ActiveCfg = Debug|Any CPU
		{9DC0AC84-B760-42C4-8703-CAD48AEEF612}.Release|Any CPU.ActiveCfg = Release|Any CPU
		{9DC0AC84-B760-42C4-8703-CAD48AEEF612}.Release|Any CPU.Build.0 = Release|Any CPU
		{9DC0AC84-B760-42C4-8703-CAD48AEEF612}.Release|Mixed Platforms.ActiveCfg = Release|Any CPU
		{9DC0AC84-B760-42C4-8703-CAD48AEEF612}.Release|Mixed Platforms.Build.0 = Release|Any CPU
		{9DC0AC84-B760-42C4-8703-CAD48AEEF612}.Release|x86.ActiveCfg = Release|Any CPU
		{B16AE5A7-3400-426B-9158-3B5F1C9DB136}.Debug|Any CPU.ActiveCfg = Debug|Any CPU
		{B16AE5A7-3400-426B-9158-3B5F1C9DB136}.Debug|Any CPU.Build.0 = Debug|Any CPU
		{B16AE5A7-3400-426B-9158-3B5F1C9DB136}.Debug|Mixed Platforms.ActiveCfg = Debug|Any CPU
		{B16AE5A7-3400-426B-9158-3B5F1C9DB136}.Debug|Mixed Platforms.Build.0 = Debug|Any CPU
		{B16AE5A7-3400-426B-9158-3B5F1C9DB136}.Debug|x86.ActiveCfg = Debug|Any CPU
		{B16AE5A7-3400-426B-9158-3B5F1C9DB136}.Debug|x86.Build.0 = Debug|Any CPU
		{B16AE5A7-3400-426B-9158-3B5F1C9DB136}.Release|Any CPU.ActiveCfg = Release|Any CPU
		{B16AE5A7-3400-426B-9158-3B5F1C9DB136}.Release|Any CPU.Build.0 = Release|Any CPU
		{B16AE5A7-3400-426B-9158-3B5F1C9DB136}.Release|Mixed Platforms.ActiveCfg = Release|Any CPU
		{B16AE5A7-3400-426B-9158-3B5F1C9DB136}.Release|Mixed Platforms.Build.0 = Release|Any CPU
		{B16AE5A7-3400-426B-9158-3B5F1C9DB136}.Release|x86.ActiveCfg = Release|Any CPU
		{B16AE5A7-3400-426B-9158-3B5F1C9DB136}.Release|x86.Build.0 = Release|Any CPU
		{BD5F9E22-0D6E-4323-A41A-0E9532702C98}.Debug|Any CPU.ActiveCfg = Debug|Any CPU
		{BD5F9E22-0D6E-4323-A41A-0E9532702C98}.Debug|Any CPU.Build.0 = Debug|Any CPU
		{BD5F9E22-0D6E-4323-A41A-0E9532702C98}.Debug|Mixed Platforms.ActiveCfg = Debug|Any CPU
		{BD5F9E22-0D6E-4323-A41A-0E9532702C98}.Debug|Mixed Platforms.Build.0 = Debug|Any CPU
		{BD5F9E22-0D6E-4323-A41A-0E9532702C98}.Debug|x86.ActiveCfg = Debug|Any CPU
		{BD5F9E22-0D6E-4323-A41A-0E9532702C98}.Debug|x86.Build.0 = Debug|Any CPU
		{BD5F9E22-0D6E-4323-A41A-0E9532702C98}.Release|Any CPU.ActiveCfg = Release|Any CPU
		{BD5F9E22-0D6E-4323-A41A-0E9532702C98}.Release|Any CPU.Build.0 = Release|Any CPU
		{BD5F9E22-0D6E-4323-A41A-0E9532702C98}.Release|Mixed Platforms.ActiveCfg = Release|Any CPU
		{BD5F9E22-0D6E-4323-A41A-0E9532702C98}.Release|Mixed Platforms.Build.0 = Release|Any CPU
		{BD5F9E22-0D6E-4323-A41A-0E9532702C98}.Release|x86.ActiveCfg = Release|Any CPU
		{BD5F9E22-0D6E-4323-A41A-0E9532702C98}.Release|x86.Build.0 = Release|Any CPU
		{F058BD64-332F-44F5-A16A-DAB4A30045DA}.Debug|Any CPU.ActiveCfg = Debug|Any CPU
		{F058BD64-332F-44F5-A16A-DAB4A30045DA}.Debug|Any CPU.Build.0 = Debug|Any CPU
		{F058BD64-332F-44F5-A16A-DAB4A30045DA}.Debug|Mixed Platforms.ActiveCfg = Debug|Any CPU
		{F058BD64-332F-44F5-A16A-DAB4A30045DA}.Debug|Mixed Platforms.Build.0 = Debug|Any CPU
		{F058BD64-332F-44F5-A16A-DAB4A30045DA}.Debug|x86.ActiveCfg = Debug|Any CPU
		{F058BD64-332F-44F5-A16A-DAB4A30045DA}.Debug|x86.Build.0 = Debug|Any CPU
		{F058BD64-332F-44F5-A16A-DAB4A30045DA}.Release|Any CPU.ActiveCfg = Release|Any CPU
		{F058BD64-332F-44F5-A16A-DAB4A30045DA}.Release|Any CPU.Build.0 = Release|Any CPU
		{F058BD64-332F-44F5-A16A-DAB4A30045DA}.Release|Mixed Platforms.ActiveCfg = Release|Any CPU
		{F058BD64-332F-44F5-A16A-DAB4A30045DA}.Release|Mixed Platforms.Build.0 = Release|Any CPU
		{F058BD64-332F-44F5-A16A-DAB4A30045DA}.Release|x86.ActiveCfg = Release|Any CPU
		{F058BD64-332F-44F5-A16A-DAB4A30045DA}.Release|x86.Build.0 = Release|Any CPU
		{A48F20CD-7B7A-406A-9893-D5E3EA62DFC4}.Debug|Any CPU.ActiveCfg = Debug|Any CPU
		{A48F20CD-7B7A-406A-9893-D5E3EA62DFC4}.Debug|Any CPU.Build.0 = Debug|Any CPU
		{A48F20CD-7B7A-406A-9893-D5E3EA62DFC4}.Debug|Mixed Platforms.ActiveCfg = Debug|Any CPU
		{A48F20CD-7B7A-406A-9893-D5E3EA62DFC4}.Debug|Mixed Platforms.Build.0 = Debug|Any CPU
		{A48F20CD-7B7A-406A-9893-D5E3EA62DFC4}.Debug|x86.ActiveCfg = Debug|Any CPU
		{A48F20CD-7B7A-406A-9893-D5E3EA62DFC4}.Debug|x86.Build.0 = Debug|Any CPU
		{A48F20CD-7B7A-406A-9893-D5E3EA62DFC4}.Release|Any CPU.ActiveCfg = Release|Any CPU
		{A48F20CD-7B7A-406A-9893-D5E3EA62DFC4}.Release|Any CPU.Build.0 = Release|Any CPU
		{A48F20CD-7B7A-406A-9893-D5E3EA62DFC4}.Release|Mixed Platforms.ActiveCfg = Release|Any CPU
		{A48F20CD-7B7A-406A-9893-D5E3EA62DFC4}.Release|Mixed Platforms.Build.0 = Release|Any CPU
		{A48F20CD-7B7A-406A-9893-D5E3EA62DFC4}.Release|x86.ActiveCfg = Release|Any CPU
		{A48F20CD-7B7A-406A-9893-D5E3EA62DFC4}.Release|x86.Build.0 = Release|Any CPU
		{02E20629-4030-48D4-B5FC-3DBE0A3AB4A8}.Debug|Any CPU.ActiveCfg = Debug|Any CPU
		{02E20629-4030-48D4-B5FC-3DBE0A3AB4A8}.Debug|Any CPU.Build.0 = Debug|Any CPU
		{02E20629-4030-48D4-B5FC-3DBE0A3AB4A8}.Debug|Mixed Platforms.ActiveCfg = Debug|Any CPU
		{02E20629-4030-48D4-B5FC-3DBE0A3AB4A8}.Debug|Mixed Platforms.Build.0 = Debug|Any CPU
		{02E20629-4030-48D4-B5FC-3DBE0A3AB4A8}.Debug|x86.ActiveCfg = Debug|Any CPU
		{02E20629-4030-48D4-B5FC-3DBE0A3AB4A8}.Debug|x86.Build.0 = Debug|Any CPU
		{02E20629-4030-48D4-B5FC-3DBE0A3AB4A8}.Release|Any CPU.ActiveCfg = Release|Any CPU
		{02E20629-4030-48D4-B5FC-3DBE0A3AB4A8}.Release|Any CPU.Build.0 = Release|Any CPU
		{02E20629-4030-48D4-B5FC-3DBE0A3AB4A8}.Release|Mixed Platforms.ActiveCfg = Release|Any CPU
		{02E20629-4030-48D4-B5FC-3DBE0A3AB4A8}.Release|Mixed Platforms.Build.0 = Release|Any CPU
		{02E20629-4030-48D4-B5FC-3DBE0A3AB4A8}.Release|x86.ActiveCfg = Release|Any CPU
		{02E20629-4030-48D4-B5FC-3DBE0A3AB4A8}.Release|x86.Build.0 = Release|Any CPU
		{294730CA-4835-45BF-B656-F543B4412CA8}.Debug|Any CPU.ActiveCfg = Debug|Any CPU
		{294730CA-4835-45BF-B656-F543B4412CA8}.Debug|Any CPU.Build.0 = Debug|Any CPU
		{294730CA-4835-45BF-B656-F543B4412CA8}.Debug|Mixed Platforms.ActiveCfg = Debug|Any CPU
		{294730CA-4835-45BF-B656-F543B4412CA8}.Debug|Mixed Platforms.Build.0 = Debug|Any CPU
		{294730CA-4835-45BF-B656-F543B4412CA8}.Debug|x86.ActiveCfg = Debug|Any CPU
		{294730CA-4835-45BF-B656-F543B4412CA8}.Debug|x86.Build.0 = Debug|Any CPU
		{294730CA-4835-45BF-B656-F543B4412CA8}.Release|Any CPU.ActiveCfg = Release|Any CPU
		{294730CA-4835-45BF-B656-F543B4412CA8}.Release|Any CPU.Build.0 = Release|Any CPU
		{294730CA-4835-45BF-B656-F543B4412CA8}.Release|Mixed Platforms.ActiveCfg = Release|Any CPU
		{294730CA-4835-45BF-B656-F543B4412CA8}.Release|Mixed Platforms.Build.0 = Release|Any CPU
		{294730CA-4835-45BF-B656-F543B4412CA8}.Release|x86.ActiveCfg = Release|Any CPU
		{294730CA-4835-45BF-B656-F543B4412CA8}.Release|x86.Build.0 = Release|Any CPU
		{378CD778-54A9-401B-A735-805CC8AA690C}.Debug|Any CPU.ActiveCfg = Debug|Any CPU
		{378CD778-54A9-401B-A735-805CC8AA690C}.Debug|Any CPU.Build.0 = Debug|Any CPU
		{378CD778-54A9-401B-A735-805CC8AA690C}.Debug|Mixed Platforms.ActiveCfg = Debug|Any CPU
		{378CD778-54A9-401B-A735-805CC8AA690C}.Debug|Mixed Platforms.Build.0 = Debug|Any CPU
		{378CD778-54A9-401B-A735-805CC8AA690C}.Debug|x86.ActiveCfg = Debug|Any CPU
		{378CD778-54A9-401B-A735-805CC8AA690C}.Debug|x86.Build.0 = Debug|Any CPU
		{378CD778-54A9-401B-A735-805CC8AA690C}.Release|Any CPU.ActiveCfg = Release|Any CPU
		{378CD778-54A9-401B-A735-805CC8AA690C}.Release|Any CPU.Build.0 = Release|Any CPU
		{378CD778-54A9-401B-A735-805CC8AA690C}.Release|Mixed Platforms.ActiveCfg = Release|Any CPU
		{378CD778-54A9-401B-A735-805CC8AA690C}.Release|Mixed Platforms.Build.0 = Release|Any CPU
		{378CD778-54A9-401B-A735-805CC8AA690C}.Release|x86.ActiveCfg = Release|Any CPU
		{378CD778-54A9-401B-A735-805CC8AA690C}.Release|x86.Build.0 = Release|Any CPU
		{7092FCD1-7816-4ED1-98B0-3A0864C7BE35}.Debug|Any CPU.ActiveCfg = Debug|Any CPU
		{7092FCD1-7816-4ED1-98B0-3A0864C7BE35}.Debug|Any CPU.Build.0 = Debug|Any CPU
		{7092FCD1-7816-4ED1-98B0-3A0864C7BE35}.Debug|Mixed Platforms.ActiveCfg = Debug|Any CPU
		{7092FCD1-7816-4ED1-98B0-3A0864C7BE35}.Debug|Mixed Platforms.Build.0 = Debug|Any CPU
		{7092FCD1-7816-4ED1-98B0-3A0864C7BE35}.Debug|x86.ActiveCfg = Debug|Any CPU
		{7092FCD1-7816-4ED1-98B0-3A0864C7BE35}.Debug|x86.Build.0 = Debug|Any CPU
		{7092FCD1-7816-4ED1-98B0-3A0864C7BE35}.Release|Any CPU.ActiveCfg = Release|Any CPU
		{7092FCD1-7816-4ED1-98B0-3A0864C7BE35}.Release|Any CPU.Build.0 = Release|Any CPU
		{7092FCD1-7816-4ED1-98B0-3A0864C7BE35}.Release|Mixed Platforms.ActiveCfg = Release|Any CPU
		{7092FCD1-7816-4ED1-98B0-3A0864C7BE35}.Release|Mixed Platforms.Build.0 = Release|Any CPU
		{7092FCD1-7816-4ED1-98B0-3A0864C7BE35}.Release|x86.ActiveCfg = Release|Any CPU
		{7092FCD1-7816-4ED1-98B0-3A0864C7BE35}.Release|x86.Build.0 = Release|Any CPU
		{7D2A697A-4BE4-453F-A335-09E69418D164}.Debug|Any CPU.ActiveCfg = Debug|Any CPU
		{7D2A697A-4BE4-453F-A335-09E69418D164}.Debug|Any CPU.Build.0 = Debug|Any CPU
		{7D2A697A-4BE4-453F-A335-09E69418D164}.Debug|Mixed Platforms.ActiveCfg = Debug|Any CPU
		{7D2A697A-4BE4-453F-A335-09E69418D164}.Debug|Mixed Platforms.Build.0 = Debug|Any CPU
		{7D2A697A-4BE4-453F-A335-09E69418D164}.Debug|x86.ActiveCfg = Debug|Any CPU
		{7D2A697A-4BE4-453F-A335-09E69418D164}.Debug|x86.Build.0 = Debug|Any CPU
		{7D2A697A-4BE4-453F-A335-09E69418D164}.Release|Any CPU.ActiveCfg = Release|Any CPU
		{7D2A697A-4BE4-453F-A335-09E69418D164}.Release|Any CPU.Build.0 = Release|Any CPU
		{7D2A697A-4BE4-453F-A335-09E69418D164}.Release|Mixed Platforms.ActiveCfg = Release|Any CPU
		{7D2A697A-4BE4-453F-A335-09E69418D164}.Release|Mixed Platforms.Build.0 = Release|Any CPU
		{7D2A697A-4BE4-453F-A335-09E69418D164}.Release|x86.ActiveCfg = Release|Any CPU
		{7D2A697A-4BE4-453F-A335-09E69418D164}.Release|x86.Build.0 = Release|Any CPU
		{FBB1619B-E290-4A01-B77A-341D83634107}.Debug|Any CPU.ActiveCfg = Debug|Any CPU
		{FBB1619B-E290-4A01-B77A-341D83634107}.Debug|Any CPU.Build.0 = Debug|Any CPU
		{FBB1619B-E290-4A01-B77A-341D83634107}.Debug|Mixed Platforms.ActiveCfg = Debug|Any CPU
		{FBB1619B-E290-4A01-B77A-341D83634107}.Debug|Mixed Platforms.Build.0 = Debug|Any CPU
		{FBB1619B-E290-4A01-B77A-341D83634107}.Debug|x86.ActiveCfg = Debug|Any CPU
		{FBB1619B-E290-4A01-B77A-341D83634107}.Debug|x86.Build.0 = Debug|Any CPU
		{FBB1619B-E290-4A01-B77A-341D83634107}.Release|Any CPU.ActiveCfg = Release|Any CPU
		{FBB1619B-E290-4A01-B77A-341D83634107}.Release|Any CPU.Build.0 = Release|Any CPU
		{FBB1619B-E290-4A01-B77A-341D83634107}.Release|Mixed Platforms.ActiveCfg = Release|Any CPU
		{FBB1619B-E290-4A01-B77A-341D83634107}.Release|Mixed Platforms.Build.0 = Release|Any CPU
		{FBB1619B-E290-4A01-B77A-341D83634107}.Release|x86.ActiveCfg = Release|Any CPU
		{FBB1619B-E290-4A01-B77A-341D83634107}.Release|x86.Build.0 = Release|Any CPU
		{2C602D6A-D10C-487C-AD14-B10CECDF7045}.Debug|Any CPU.ActiveCfg = Debug|Any CPU
		{2C602D6A-D10C-487C-AD14-B10CECDF7045}.Debug|Any CPU.Build.0 = Debug|Any CPU
		{2C602D6A-D10C-487C-AD14-B10CECDF7045}.Debug|Mixed Platforms.ActiveCfg = Debug|Any CPU
		{2C602D6A-D10C-487C-AD14-B10CECDF7045}.Debug|Mixed Platforms.Build.0 = Debug|Any CPU
		{2C602D6A-D10C-487C-AD14-B10CECDF7045}.Debug|x86.ActiveCfg = Debug|Any CPU
		{2C602D6A-D10C-487C-AD14-B10CECDF7045}.Debug|x86.Build.0 = Debug|Any CPU
		{2C602D6A-D10C-487C-AD14-B10CECDF7045}.Release|Any CPU.ActiveCfg = Release|Any CPU
		{2C602D6A-D10C-487C-AD14-B10CECDF7045}.Release|Any CPU.Build.0 = Release|Any CPU
		{2C602D6A-D10C-487C-AD14-B10CECDF7045}.Release|Mixed Platforms.ActiveCfg = Release|Any CPU
		{2C602D6A-D10C-487C-AD14-B10CECDF7045}.Release|Mixed Platforms.Build.0 = Release|Any CPU
		{2C602D6A-D10C-487C-AD14-B10CECDF7045}.Release|x86.ActiveCfg = Release|Any CPU
		{2C602D6A-D10C-487C-AD14-B10CECDF7045}.Release|x86.Build.0 = Release|Any CPU
	EndGlobalSection
	GlobalSection(SolutionProperties) = preSolution
		HideSolutionNode = FALSE
	EndGlobalSection
	GlobalSection(NestedProjects) = preSolution
		{1F526CFD-E8A0-4108-8DCE-A2E6A2D96022} = {CEDD5EAD-7CF5-45EE-8676-EFEC0CBAB552}
		{11F6B06C-2E77-4B6E-B53F-3DB8326A69EA} = {CEDD5EAD-7CF5-45EE-8676-EFEC0CBAB552}
	EndGlobalSection
	GlobalSection(ExtensibilityGlobals) = postSolution
		SolutionGuid = {EC5083B8-5B67-4A84-B386-EB8C87BEFA39}
	EndGlobalSection
EndGlobal
